
Microsoft Visual Studio Solution File, Format Version 12.00
# Visual Studio Version 17
VisualStudioVersion = 17.9.34728.123
MinimumVisualStudioVersion = 10.0.40219.1
Project("{FAE04EC0-301F-11D3-BF4B-00C04F79EFBC}") = "BusinessObjects", "BusinessObjects\BusinessObjects.csproj", "{E6C5AE56-9486-4F5A-9F3D-B4382CF66AF2}"
EndProject
Project("{FAE04EC0-301F-11D3-BF4B-00C04F79EFBC}") = "DataAccessObjects", "DataAccessObjects\DataAccessObjects.csproj", "{4B6C5351-8B9E-4A30-9859-73F6A94FD4B7}"
EndProject
Project("{FAE04EC0-301F-11D3-BF4B-00C04F79EFBC}") = "Repositories", "Repositories\Repositories.csproj", "{40982C38-8250-4075-9754-436E1202985F}"
EndProject
Project("{FAE04EC0-301F-11D3-BF4B-00C04F79EFBC}") = "Services", "Services\Services.csproj", "{19D7CBDB-6928-41BB-8EF3-27690266FA89}"
EndProject
Project("{FAE04EC0-301F-11D3-BF4B-00C04F79EFBC}") = "ProductManagementMVC", "ProductManagementMVC\ProductManagementMVC.csproj", "{A62D3A7A-F041-4CE2-B00D-EB163BC1E29A}"
EndProject
Global
	GlobalSection(SolutionConfigurationPlatforms) = preSolution
		Debug|Any CPU = Debug|Any CPU
		Release|Any CPU = Release|Any CPU
	EndGlobalSection
	GlobalSection(ProjectConfigurationPlatforms) = postSolution
		{E6C5AE56-9486-4F5A-9F3D-B4382CF66AF2}.Debug|Any CPU.ActiveCfg = Debug|Any CPU
		{E6C5AE56-9486-4F5A-9F3D-B4382CF66AF2}.Debug|Any CPU.Build.0 = Debug|Any CPU
		{E6C5AE56-9486-4F5A-9F3D-B4382CF66AF2}.Release|Any CPU.ActiveCfg = Release|Any CPU
		{E6C5AE56-9486-4F5A-9F3D-B4382CF66AF2}.Release|Any CPU.Build.0 = Release|Any CPU
		{4B6C5351-8B9E-4A30-9859-73F6A94FD4B7}.Debug|Any CPU.ActiveCfg = Debug|Any CPU
		{4B6C5351-8B9E-4A30-9859-73F6A94FD4B7}.Debug|Any CPU.Build.0 = Debug|Any CPU
		{4B6C5351-8B9E-4A30-9859-73F6A94FD4B7}.Release|Any CPU.ActiveCfg = Release|Any CPU
		{4B6C5351-8B9E-4A30-9859-73F6A94FD4B7}.Release|Any CPU.Build.0 = Release|Any CPU
		{40982C38-8250-4075-9754-436E1202985F}.Debug|Any CPU.ActiveCfg = Debug|Any CPU
		{40982C38-8250-4075-9754-436E1202985F}.Debug|Any CPU.Build.0 = Debug|Any CPU
		{40982C38-8250-4075-9754-436E1202985F}.Release|Any CPU.ActiveCfg = Release|Any CPU
		{40982C38-8250-4075-9754-436E1202985F}.Release|Any CPU.Build.0 = Release|Any CPU
		{19D7CBDB-6928-41BB-8EF3-27690266FA89}.Debug|Any CPU.ActiveCfg = Debug|Any CPU
		{19D7CBDB-6928-41BB-8EF3-27690266FA89}.Debug|Any CPU.Build.0 = Debug|Any CPU
		{19D7CBDB-6928-41BB-8EF3-27690266FA89}.Release|Any CPU.ActiveCfg = Release|Any CPU
		{19D7CBDB-6928-41BB-8EF3-27690266FA89}.Release|Any CPU.Build.0 = Release|Any CPU
		{A62D3A7A-F041-4CE2-B00D-EB163BC1E29A}.Debug|Any CPU.ActiveCfg = Debug|Any CPU
		{A62D3A7A-F041-4CE2-B00D-EB163BC1E29A}.Debug|Any CPU.Build.0 = Debug|Any CPU
		{A62D3A7A-F041-4CE2-B00D-EB163BC1E29A}.Release|Any CPU.ActiveCfg = Release|Any CPU
		{A62D3A7A-F041-4CE2-B00D-EB163BC1E29A}.Release|Any CPU.Build.0 = Release|Any CPU
	EndGlobalSection
	GlobalSection(SolutionProperties) = preSolution
		HideSolutionNode = FALSE
	EndGlobalSection
	GlobalSection(ExtensibilityGlobals) = postSolution
		SolutionGuid = {6FA2206A-FD9D-49A9-A508-C1BA3171A841}
	EndGlobalSection
EndGlobal
